
Microsoft Visual Studio Solution File, Format Version 12.00
# Visual Studio 15
VisualStudioVersion = 15.0.27428.2037
MinimumVisualStudioVersion = 10.0.40219.1
Project("{8BC9CEB8-8B4A-11D0-8D11-00A0C91BC942}") = "ProjectEuler5", "ProjectEuler5\ProjectEuler5.vcxproj", "{27201D20-7511-4DA1-97F3-CDFF055610C2}"
EndProject
Global
	GlobalSection(SolutionConfigurationPlatforms) = preSolution
		Debug|x64 = Debug|x64
		Debug|x86 = Debug|x86
		Release|x64 = Release|x64
		Release|x86 = Release|x86
	EndGlobalSection
	GlobalSection(ProjectConfigurationPlatforms) = postSolution
		{27201D20-7511-4DA1-97F3-CDFF055610C2}.Debug|x64.ActiveCfg = Debug|x64
		{27201D20-7511-4DA1-97F3-CDFF055610C2}.Debug|x64.Build.0 = Debug|x64
		{27201D20-7511-4DA1-97F3-CDFF055610C2}.Debug|x86.ActiveCfg = Debug|Win32
		{27201D20-7511-4DA1-97F3-CDFF055610C2}.Debug|x86.Build.0 = Debug|Win32
		{27201D20-7511-4DA1-97F3-CDFF055610C2}.Release|x64.ActiveCfg = Release|x64
		{27201D20-7511-4DA1-97F3-CDFF055610C2}.Release|x64.Build.0 = Release|x64
		{27201D20-7511-4DA1-97F3-CDFF055610C2}.Release|x86.ActiveCfg = Release|Win32
		{27201D20-7511-4DA1-97F3-CDFF055610C2}.Release|x86.Build.0 = Release|Win32
	EndGlobalSection
	GlobalSection(SolutionProperties) = preSolution
		HideSolutionNode = FALSE
	EndGlobalSection
	GlobalSection(ExtensibilityGlobals) = postSolution
		SolutionGuid = {37C1D8F6-0A50-47C2-A160-EBD2A8B3E526}
	EndGlobalSection
EndGlobal
